
Microsoft Visual Studio Solution File, Format Version 12.00
# Visual Studio Version 17
VisualStudioVersion = 17.11.35327.3
MinimumVisualStudioVersion = 10.0.40219.1
Project("{FAE04EC0-301F-11D3-BF4B-00C04F79EFBC}") = "EmailOTP", "EmailOTP.csproj", "{B2DFF332-5334-40EC-AAAC-466870596BCC}"
EndProject
Global
	GlobalSection(SolutionConfigurationPlatforms) = preSolution
		Debug|Any CPU = Debug|Any CPU
		Release|Any CPU = Release|Any CPU
	EndGlobalSection
	GlobalSection(ProjectConfigurationPlatforms) = postSolution
		{B2DFF332-5334-40EC-AAAC-466870596BCC}.Debug|Any CPU.ActiveCfg = Debug|Any CPU
		{B2DFF332-5334-40EC-AAAC-466870596BCC}.Debug|Any CPU.Build.0 = Debug|Any CPU
		{B2DFF332-5334-40EC-AAAC-466870596BCC}.Release|Any CPU.ActiveCfg = Release|Any CPU
		{B2DFF332-5334-40EC-AAAC-466870596BCC}.Release|Any CPU.Build.0 = Release|Any CPU
	EndGlobalSection
	GlobalSection(SolutionProperties) = preSolution
		HideSolutionNode = FALSE
	EndGlobalSection
	GlobalSection(ExtensibilityGlobals) = postSolution
		SolutionGuid = {4CA6D617-3483-450B-BF2D-349ED09E9345}
	EndGlobalSection
EndGlobal
